
Microsoft Visual Studio Solution File, Format Version 12.00
# Visual Studio Version 17
VisualStudioVersion = 17.0.31903.59
MinimumVisualStudioVersion = 10.0.40219.1
Project("{9A19103F-16F7-4668-BE54-9A1E7A4F7556}") = "DiscordBot", "DiscordBot\DiscordBot.csproj", "{83FD3503-25AA-4775-8859-793DA715D26F}"
EndProject
Project("{FAE04EC0-301F-11D3-BF4B-00C04F79EFBC}") = "PubgLibrary", "PubgLibrary\PubgLibrary.csproj", "{723552BA-CB82-4637-B00A-196CACCF8011}"
EndProject
Project("{FAE04EC0-301F-11D3-BF4B-00C04F79EFBC}") = "DiscordBotShared", "DiscordBotTemplates\DiscordBotShared.csproj", "{3C3960A1-EA76-4EAA-9226-43BF943A2AB2}"
EndProject
Global
	GlobalSection(SolutionConfigurationPlatforms) = preSolution
		Debug|Any CPU = Debug|Any CPU
		Release|Any CPU = Release|Any CPU
	EndGlobalSection
	GlobalSection(ProjectConfigurationPlatforms) = postSolution
		{83FD3503-25AA-4775-8859-793DA715D26F}.Debug|Any CPU.ActiveCfg = Debug|Any CPU
		{83FD3503-25AA-4775-8859-793DA715D26F}.Debug|Any CPU.Build.0 = Debug|Any CPU
		{83FD3503-25AA-4775-8859-793DA715D26F}.Release|Any CPU.ActiveCfg = Release|Any CPU
		{83FD3503-25AA-4775-8859-793DA715D26F}.Release|Any CPU.Build.0 = Release|Any CPU
		{723552BA-CB82-4637-B00A-196CACCF8011}.Debug|Any CPU.ActiveCfg = Debug|Any CPU
		{723552BA-CB82-4637-B00A-196CACCF8011}.Debug|Any CPU.Build.0 = Debug|Any CPU
		{723552BA-CB82-4637-B00A-196CACCF8011}.Release|Any CPU.ActiveCfg = Release|Any CPU
		{723552BA-CB82-4637-B00A-196CACCF8011}.Release|Any CPU.Build.0 = Release|Any CPU
		{3C3960A1-EA76-4EAA-9226-43BF943A2AB2}.Debug|Any CPU.ActiveCfg = Debug|Any CPU
		{3C3960A1-EA76-4EAA-9226-43BF943A2AB2}.Debug|Any CPU.Build.0 = Debug|Any CPU
		{3C3960A1-EA76-4EAA-9226-43BF943A2AB2}.Release|Any CPU.ActiveCfg = Release|Any CPU
		{3C3960A1-EA76-4EAA-9226-43BF943A2AB2}.Release|Any CPU.Build.0 = Release|Any CPU
	EndGlobalSection
	GlobalSection(SolutionProperties) = preSolution
		HideSolutionNode = FALSE
	EndGlobalSection
	GlobalSection(ExtensibilityGlobals) = postSolution
		SolutionGuid = {1CDE075C-DD22-477A-BC5E-C4CDEF987262}
	EndGlobalSection
EndGlobal
